
Microsoft Visual Studio Solution File, Format Version 12.00
# Visual Studio Version 16
VisualStudioVersion = 16.0.29709.97
MinimumVisualStudioVersion = 10.0.40219.1
Project("{FAE04EC0-301F-11D3-BF4B-00C04F79EFBC}") = "BookStore", "BookStore\BookStore.csproj", "{6178DEC5-825D-4654-A834-38D5C80A98EB}"
EndProject
Project("{FAE04EC0-301F-11D3-BF4B-00C04F79EFBC}") = "BookStore.BLL", "BookStore.BLL\BookStore.BLL.csproj", "{56278CD8-DBFB-4D85-9E08-E32264D095A4}"
EndProject
Project("{FAE04EC0-301F-11D3-BF4B-00C04F79EFBC}") = "BookStore.DAL", "BookStore.DAL\BookStore.DAL.csproj", "{4764EBFE-7420-44B2-BFF7-1B4DB1BF5B84}"
EndProject
Global
	GlobalSection(SolutionConfigurationPlatforms) = preSolution
		Debug|Any CPU = Debug|Any CPU
		Release|Any CPU = Release|Any CPU
	EndGlobalSection
	GlobalSection(ProjectConfigurationPlatforms) = postSolution
		{6178DEC5-825D-4654-A834-38D5C80A98EB}.Debug|Any CPU.ActiveCfg = Debug|Any CPU
		{6178DEC5-825D-4654-A834-38D5C80A98EB}.Debug|Any CPU.Build.0 = Debug|Any CPU
		{6178DEC5-825D-4654-A834-38D5C80A98EB}.Release|Any CPU.ActiveCfg = Release|Any CPU
		{6178DEC5-825D-4654-A834-38D5C80A98EB}.Release|Any CPU.Build.0 = Release|Any CPU
		{56278CD8-DBFB-4D85-9E08-E32264D095A4}.Debug|Any CPU.ActiveCfg = Debug|Any CPU
		{56278CD8-DBFB-4D85-9E08-E32264D095A4}.Debug|Any CPU.Build.0 = Debug|Any CPU
		{56278CD8-DBFB-4D85-9E08-E32264D095A4}.Release|Any CPU.ActiveCfg = Release|Any CPU
		{56278CD8-DBFB-4D85-9E08-E32264D095A4}.Release|Any CPU.Build.0 = Release|Any CPU
		{4764EBFE-7420-44B2-BFF7-1B4DB1BF5B84}.Debug|Any CPU.ActiveCfg = Debug|Any CPU
		{4764EBFE-7420-44B2-BFF7-1B4DB1BF5B84}.Debug|Any CPU.Build.0 = Debug|Any CPU
		{4764EBFE-7420-44B2-BFF7-1B4DB1BF5B84}.Release|Any CPU.ActiveCfg = Release|Any CPU
		{4764EBFE-7420-44B2-BFF7-1B4DB1BF5B84}.Release|Any CPU.Build.0 = Release|Any CPU
	EndGlobalSection
	GlobalSection(SolutionProperties) = preSolution
		HideSolutionNode = FALSE
	EndGlobalSection
	GlobalSection(ExtensibilityGlobals) = postSolution
		SolutionGuid = {3143A4B6-1130-47F8-9DB9-4D293ECF7116}
	EndGlobalSection
EndGlobal
